// !$*UTF8*$!
{
	archiveVersion = 1;
	classes = {
	};
	objectVersion = 55;
	objects = {

/* Begin PBXBuildFile section */
		DF3A106228627E7C0044E0CF /* TradingPairsDataStoreImpl.swift in Sources */ = {isa = PBXBuildFile; fileRef = DF3A106128627E7C0044E0CF /* TradingPairsDataStoreImpl.swift */; };
		DF3A106428627EB80044E0CF /* TradingPairsViewLayout.swift in Sources */ = {isa = PBXBuildFile; fileRef = DF3A106328627EB80044E0CF /* TradingPairsViewLayout.swift */; };
		DF3A10672862FB010044E0CF /* TradingPairsDataStore.swift in Sources */ = {isa = PBXBuildFile; fileRef = DF3A10662862FB010044E0CF /* TradingPairsDataStore.swift */; };
		DF3A10692862FB220044E0CF /* NetworkClient.swift in Sources */ = {isa = PBXBuildFile; fileRef = DF3A10682862FB220044E0CF /* NetworkClient.swift */; };
		DF3A106B2862FBCF0044E0CF /* NetworkClientImpl.swift in Sources */ = {isa = PBXBuildFile; fileRef = DF3A106A2862FBCF0044E0CF /* NetworkClientImpl.swift */; };
		DF3A106D2863070E0044E0CF /* Collection.swift in Sources */ = {isa = PBXBuildFile; fileRef = DF3A106C2863070E0044E0CF /* Collection.swift */; };
		DF78673528645D47001C1027 /* TradingPairsService.swift in Sources */ = {isa = PBXBuildFile; fileRef = DF78673428645D47001C1027 /* TradingPairsService.swift */; };
		DF78673728645D85001C1027 /* TradingPairsServiceImpl.swift in Sources */ = {isa = PBXBuildFile; fileRef = DF78673628645D85001C1027 /* TradingPairsServiceImpl.swift */; };
		DF78673A2864B20A001C1027 /* TradingPairResponse.swift in Sources */ = {isa = PBXBuildFile; fileRef = DF7867392864B20A001C1027 /* TradingPairResponse.swift */; };
		DF78673C2864B21D001C1027 /* ArrayResponseDecodable.swift in Sources */ = {isa = PBXBuildFile; fileRef = DF78673B2864B21D001C1027 /* ArrayResponseDecodable.swift */; };
		DF78673E2864B245001C1027 /* Environment.swift in Sources */ = {isa = PBXBuildFile; fileRef = DF78673D2864B245001C1027 /* Environment.swift */; };
		DF7867402864B252001C1027 /* DefaultEnvironment.swift in Sources */ = {isa = PBXBuildFile; fileRef = DF78673F2864B252001C1027 /* DefaultEnvironment.swift */; };
		DF7867462864B2FD001C1027 /* Endpoint.swift in Sources */ = {isa = PBXBuildFile; fileRef = DF7867452864B2FD001C1027 /* Endpoint.swift */; };
		DF7867482864B416001C1027 /* URL.swift in Sources */ = {isa = PBXBuildFile; fileRef = DF7867472864B416001C1027 /* URL.swift */; };
		DF78674A2864B444001C1027 /* Publisher.swift in Sources */ = {isa = PBXBuildFile; fileRef = DF7867492864B444001C1027 /* Publisher.swift */; };
		DF78674D2864B93F001C1027 /* CommonError.swift in Sources */ = {isa = PBXBuildFile; fileRef = DF78674C2864B93F001C1027 /* CommonError.swift */; };
		DF78674F2864B9A2001C1027 /* TradingPairsMapper.swift in Sources */ = {isa = PBXBuildFile; fileRef = DF78674E2864B9A2001C1027 /* TradingPairsMapper.swift */; };
		DF7867512864B9B2001C1027 /* TradingPairsMapperImpl.swift in Sources */ = {isa = PBXBuildFile; fileRef = DF7867502864B9B2001C1027 /* TradingPairsMapperImpl.swift */; };
		DF7867532864C00F001C1027 /* TradingPairsRefreshController.swift in Sources */ = {isa = PBXBuildFile; fileRef = DF7867522864C00F001C1027 /* TradingPairsRefreshController.swift */; };
		DF7867552864C036001C1027 /* TradingPairsRefreshControllerImpl.swift in Sources */ = {isa = PBXBuildFile; fileRef = DF7867542864C036001C1027 /* TradingPairsRefreshControllerImpl.swift */; };
		DFE30AFE2862346D006D6167 /* AppDelegate.swift in Sources */ = {isa = PBXBuildFile; fileRef = DFE30AFD2862346D006D6167 /* AppDelegate.swift */; };
		DFE30B002862346D006D6167 /* SceneDelegate.swift in Sources */ = {isa = PBXBuildFile; fileRef = DFE30AFF2862346D006D6167 /* SceneDelegate.swift */; };
		DFE30B022862346D006D6167 /* ViewController.swift in Sources */ = {isa = PBXBuildFile; fileRef = DFE30B012862346D006D6167 /* ViewController.swift */; };
		DFE30B072862346F006D6167 /* Assets.xcassets in Resources */ = {isa = PBXBuildFile; fileRef = DFE30B062862346F006D6167 /* Assets.xcassets */; };
		DFE30B0A2862346F006D6167 /* LaunchScreen.storyboard in Resources */ = {isa = PBXBuildFile; fileRef = DFE30B082862346F006D6167 /* LaunchScreen.storyboard */; };
		DFE30B152862346F006D6167 /* sbTests.swift in Sources */ = {isa = PBXBuildFile; fileRef = DFE30B142862346F006D6167 /* sbTests.swift */; };
		DFE30B1F2862346F006D6167 /* sbUITests.swift in Sources */ = {isa = PBXBuildFile; fileRef = DFE30B1E2862346F006D6167 /* sbUITests.swift */; };
		DFE30B212862346F006D6167 /* sbUITestsLaunchTests.swift in Sources */ = {isa = PBXBuildFile; fileRef = DFE30B202862346F006D6167 /* sbUITestsLaunchTests.swift */; };
		DFE30B3428623A1D006D6167 /* TradingPairsViewController.swift in Sources */ = {isa = PBXBuildFile; fileRef = DFE30B3328623A1D006D6167 /* TradingPairsViewController.swift */; };
		DFE30B3628623A38006D6167 /* TradingPairsView.swift in Sources */ = {isa = PBXBuildFile; fileRef = DFE30B3528623A38006D6167 /* TradingPairsView.swift */; };
		DFE30B3828623EE3006D6167 /* TradingPairCell.swift in Sources */ = {isa = PBXBuildFile; fileRef = DFE30B3728623EE3006D6167 /* TradingPairCell.swift */; };
		DFE30B3B286242A6006D6167 /* TradingPairItemModel.swift in Sources */ = {isa = PBXBuildFile; fileRef = DFE30B3A286242A6006D6167 /* TradingPairItemModel.swift */; };
		DFE30B3E28624339006D6167 /* UICollectionViewCell.swift in Sources */ = {isa = PBXBuildFile; fileRef = DFE30B3D28624339006D6167 /* UICollectionViewCell.swift */; };
		DFE30B402862468D006D6167 /* TradingPairsViewModel.swift in Sources */ = {isa = PBXBuildFile; fileRef = DFE30B3F2862468D006D6167 /* TradingPairsViewModel.swift */; };
/* End PBXBuildFile section */

/* Begin PBXContainerItemProxy section */
		DFE30B112862346F006D6167 /* PBXContainerItemProxy */ = {
			isa = PBXContainerItemProxy;
			containerPortal = DFE30AF22862346D006D6167 /* Project object */;
			proxyType = 1;
			remoteGlobalIDString = DFE30AF92862346D006D6167;
			remoteInfo = sb;
		};
		DFE30B1B2862346F006D6167 /* PBXContainerItemProxy */ = {
			isa = PBXContainerItemProxy;
			containerPortal = DFE30AF22862346D006D6167 /* Project object */;
			proxyType = 1;
			remoteGlobalIDString = DFE30AF92862346D006D6167;
			remoteInfo = sb;
		};
/* End PBXContainerItemProxy section */

/* Begin PBXFileReference section */
		DF3A106128627E7C0044E0CF /* TradingPairsDataStoreImpl.swift */ = {isa = PBXFileReference; lastKnownFileType = sourcecode.swift; path = TradingPairsDataStoreImpl.swift; sourceTree = "<group>"; };
		DF3A106328627EB80044E0CF /* TradingPairsViewLayout.swift */ = {isa = PBXFileReference; lastKnownFileType = sourcecode.swift; path = TradingPairsViewLayout.swift; sourceTree = "<group>"; };
		DF3A10662862FB010044E0CF /* TradingPairsDataStore.swift */ = {isa = PBXFileReference; lastKnownFileType = sourcecode.swift; path = TradingPairsDataStore.swift; sourceTree = "<group>"; };
		DF3A10682862FB220044E0CF /* NetworkClient.swift */ = {isa = PBXFileReference; lastKnownFileType = sourcecode.swift; path = NetworkClient.swift; sourceTree = "<group>"; };
		DF3A106A2862FBCF0044E0CF /* NetworkClientImpl.swift */ = {isa = PBXFileReference; lastKnownFileType = sourcecode.swift; path = NetworkClientImpl.swift; sourceTree = "<group>"; };
		DF3A106C2863070E0044E0CF /* Collection.swift */ = {isa = PBXFileReference; lastKnownFileType = sourcecode.swift; path = Collection.swift; sourceTree = "<group>"; };
		DF78673428645D47001C1027 /* TradingPairsService.swift */ = {isa = PBXFileReference; lastKnownFileType = sourcecode.swift; path = TradingPairsService.swift; sourceTree = "<group>"; };
		DF78673628645D85001C1027 /* TradingPairsServiceImpl.swift */ = {isa = PBXFileReference; lastKnownFileType = sourcecode.swift; path = TradingPairsServiceImpl.swift; sourceTree = "<group>"; };
		DF7867392864B20A001C1027 /* TradingPairResponse.swift */ = {isa = PBXFileReference; lastKnownFileType = sourcecode.swift; path = TradingPairResponse.swift; sourceTree = "<group>"; };
		DF78673B2864B21D001C1027 /* ArrayResponseDecodable.swift */ = {isa = PBXFileReference; lastKnownFileType = sourcecode.swift; path = ArrayResponseDecodable.swift; sourceTree = "<group>"; };
		DF78673D2864B245001C1027 /* Environment.swift */ = {isa = PBXFileReference; lastKnownFileType = sourcecode.swift; path = Environment.swift; sourceTree = "<group>"; };
		DF78673F2864B252001C1027 /* DefaultEnvironment.swift */ = {isa = PBXFileReference; lastKnownFileType = sourcecode.swift; path = DefaultEnvironment.swift; sourceTree = "<group>"; };
		DF7867452864B2FD001C1027 /* Endpoint.swift */ = {isa = PBXFileReference; lastKnownFileType = sourcecode.swift; path = Endpoint.swift; sourceTree = "<group>"; };
		DF7867472864B416001C1027 /* URL.swift */ = {isa = PBXFileReference; lastKnownFileType = sourcecode.swift; path = URL.swift; sourceTree = "<group>"; };
		DF7867492864B444001C1027 /* Publisher.swift */ = {isa = PBXFileReference; lastKnownFileType = sourcecode.swift; path = Publisher.swift; sourceTree = "<group>"; };
		DF78674C2864B93F001C1027 /* CommonError.swift */ = {isa = PBXFileReference; lastKnownFileType = sourcecode.swift; path = CommonError.swift; sourceTree = "<group>"; };
		DF78674E2864B9A2001C1027 /* TradingPairsMapper.swift */ = {isa = PBXFileReference; lastKnownFileType = sourcecode.swift; path = TradingPairsMapper.swift; sourceTree = "<group>"; };
		DF7867502864B9B2001C1027 /* TradingPairsMapperImpl.swift */ = {isa = PBXFileReference; lastKnownFileType = sourcecode.swift; path = TradingPairsMapperImpl.swift; sourceTree = "<group>"; };
		DF7867522864C00F001C1027 /* TradingPairsRefreshController.swift */ = {isa = PBXFileReference; lastKnownFileType = sourcecode.swift; path = TradingPairsRefreshController.swift; sourceTree = "<group>"; };
		DF7867542864C036001C1027 /* TradingPairsRefreshControllerImpl.swift */ = {isa = PBXFileReference; lastKnownFileType = sourcecode.swift; path = TradingPairsRefreshControllerImpl.swift; sourceTree = "<group>"; };
		DFE30AFA2862346D006D6167 /* sb.app */ = {isa = PBXFileReference; explicitFileType = wrapper.application; includeInIndex = 0; path = sb.app; sourceTree = BUILT_PRODUCTS_DIR; };
		DFE30AFD2862346D006D6167 /* AppDelegate.swift */ = {isa = PBXFileReference; lastKnownFileType = sourcecode.swift; path = AppDelegate.swift; sourceTree = "<group>"; };
		DFE30AFF2862346D006D6167 /* SceneDelegate.swift */ = {isa = PBXFileReference; lastKnownFileType = sourcecode.swift; path = SceneDelegate.swift; sourceTree = "<group>"; };
		DFE30B012862346D006D6167 /* ViewController.swift */ = {isa = PBXFileReference; lastKnownFileType = sourcecode.swift; path = ViewController.swift; sourceTree = "<group>"; };
		DFE30B062862346F006D6167 /* Assets.xcassets */ = {isa = PBXFileReference; lastKnownFileType = folder.assetcatalog; path = Assets.xcassets; sourceTree = "<group>"; };
		DFE30B092862346F006D6167 /* Base */ = {isa = PBXFileReference; lastKnownFileType = file.storyboard; name = Base; path = Base.lproj/LaunchScreen.storyboard; sourceTree = "<group>"; };
		DFE30B0B2862346F006D6167 /* Info.plist */ = {isa = PBXFileReference; lastKnownFileType = text.plist.xml; path = Info.plist; sourceTree = "<group>"; };
		DFE30B102862346F006D6167 /* sbTests.xctest */ = {isa = PBXFileReference; explicitFileType = wrapper.cfbundle; includeInIndex = 0; path = sbTests.xctest; sourceTree = BUILT_PRODUCTS_DIR; };
		DFE30B142862346F006D6167 /* sbTests.swift */ = {isa = PBXFileReference; lastKnownFileType = sourcecode.swift; path = sbTests.swift; sourceTree = "<group>"; };
		DFE30B1A2862346F006D6167 /* sbUITests.xctest */ = {isa = PBXFileReference; explicitFileType = wrapper.cfbundle; includeInIndex = 0; path = sbUITests.xctest; sourceTree = BUILT_PRODUCTS_DIR; };
		DFE30B1E2862346F006D6167 /* sbUITests.swift */ = {isa = PBXFileReference; lastKnownFileType = sourcecode.swift; path = sbUITests.swift; sourceTree = "<group>"; };
		DFE30B202862346F006D6167 /* sbUITestsLaunchTests.swift */ = {isa = PBXFileReference; lastKnownFileType = sourcecode.swift; path = sbUITestsLaunchTests.swift; sourceTree = "<group>"; };
		DFE30B3328623A1D006D6167 /* TradingPairsViewController.swift */ = {isa = PBXFileReference; lastKnownFileType = sourcecode.swift; path = TradingPairsViewController.swift; sourceTree = "<group>"; };
		DFE30B3528623A38006D6167 /* TradingPairsView.swift */ = {isa = PBXFileReference; lastKnownFileType = sourcecode.swift; path = TradingPairsView.swift; sourceTree = "<group>"; };
		DFE30B3728623EE3006D6167 /* TradingPairCell.swift */ = {isa = PBXFileReference; lastKnownFileType = sourcecode.swift; path = TradingPairCell.swift; sourceTree = "<group>"; };
		DFE30B3A286242A6006D6167 /* TradingPairItemModel.swift */ = {isa = PBXFileReference; lastKnownFileType = sourcecode.swift; path = TradingPairItemModel.swift; sourceTree = "<group>"; };
		DFE30B3D28624339006D6167 /* UICollectionViewCell.swift */ = {isa = PBXFileReference; lastKnownFileType = sourcecode.swift; path = UICollectionViewCell.swift; sourceTree = "<group>"; };
		DFE30B3F2862468D006D6167 /* TradingPairsViewModel.swift */ = {isa = PBXFileReference; lastKnownFileType = sourcecode.swift; path = TradingPairsViewModel.swift; sourceTree = "<group>"; };
/* End PBXFileReference section */

/* Begin PBXFrameworksBuildPhase section */
		DFE30AF72862346D006D6167 /* Frameworks */ = {
			isa = PBXFrameworksBuildPhase;
			buildActionMask = 2147483647;
			files = (
			);
			runOnlyForDeploymentPostprocessing = 0;
		};
		DFE30B0D2862346F006D6167 /* Frameworks */ = {
			isa = PBXFrameworksBuildPhase;
			buildActionMask = 2147483647;
			files = (
			);
			runOnlyForDeploymentPostprocessing = 0;
		};
		DFE30B172862346F006D6167 /* Frameworks */ = {
			isa = PBXFrameworksBuildPhase;
			buildActionMask = 2147483647;
			files = (
			);
			runOnlyForDeploymentPostprocessing = 0;
		};
/* End PBXFrameworksBuildPhase section */

/* Begin PBXGroup section */
		DF3A106028627E740044E0CF /* Services */ = {
			isa = PBXGroup;
			children = (
				DF3A10652862FAF70044E0CF /* Protocols */,
				DF3A106128627E7C0044E0CF /* TradingPairsDataStoreImpl.swift */,
				DF78673628645D85001C1027 /* TradingPairsServiceImpl.swift */,
				DF7867502864B9B2001C1027 /* TradingPairsMapperImpl.swift */,
				DF7867542864C036001C1027 /* TradingPairsRefreshControllerImpl.swift */,
			);
			path = Services;
			sourceTree = "<group>";
		};
		DF3A10652862FAF70044E0CF /* Protocols */ = {
			isa = PBXGroup;
			children = (
				DF3A10662862FB010044E0CF /* TradingPairsDataStore.swift */,
				DF78673428645D47001C1027 /* TradingPairsService.swift */,
				DF78674E2864B9A2001C1027 /* TradingPairsMapper.swift */,
				DF7867522864C00F001C1027 /* TradingPairsRefreshController.swift */,
			);
			path = Protocols;
			sourceTree = "<group>";
		};
		DF7867382864B1FD001C1027 /* Models */ = {
			isa = PBXGroup;
			children = (
				DF7867392864B20A001C1027 /* TradingPairResponse.swift */,
			);
			path = Models;
			sourceTree = "<group>";
		};
		DF7867412864B290001C1027 /* Networking */ = {
			isa = PBXGroup;
			children = (
				DF7867432864B2A2001C1027 /* Implementations */,
				DF7867422864B297001C1027 /* Protocols */,
			);
			path = Networking;
			sourceTree = "<group>";
		};
		DF7867422864B297001C1027 /* Protocols */ = {
			isa = PBXGroup;
			children = (
				DF78673D2864B245001C1027 /* Environment.swift */,
				DF3A10682862FB220044E0CF /* NetworkClient.swift */,
				DF78673B2864B21D001C1027 /* ArrayResponseDecodable.swift */,
			);
			path = Protocols;
			sourceTree = "<group>";
		};
		DF7867432864B2A2001C1027 /* Implementations */ = {
			isa = PBXGroup;
			children = (
				DF78673F2864B252001C1027 /* DefaultEnvironment.swift */,
				DF3A106A2862FBCF0044E0CF /* NetworkClientImpl.swift */,
				DF7867452864B2FD001C1027 /* Endpoint.swift */,
			);
			path = Implementations;
			sourceTree = "<group>";
		};
		DF78674B2864B928001C1027 /* Utils */ = {
			isa = PBXGroup;
			children = (
				DF78674C2864B93F001C1027 /* CommonError.swift */,
			);
			path = Utils;
			sourceTree = "<group>";
		};
		DFE30AF12862346D006D6167 = {
			isa = PBXGroup;
			children = (
				DFE30AFC2862346D006D6167 /* sb */,
				DFE30B132862346F006D6167 /* sbTests */,
				DFE30B1D2862346F006D6167 /* sbUITests */,
				DFE30AFB2862346D006D6167 /* Products */,
			);
			sourceTree = "<group>";
		};
		DFE30AFB2862346D006D6167 /* Products */ = {
			isa = PBXGroup;
			children = (
				DFE30AFA2862346D006D6167 /* sb.app */,
				DFE30B102862346F006D6167 /* sbTests.xctest */,
				DFE30B1A2862346F006D6167 /* sbUITests.xctest */,
			);
			name = Products;
			sourceTree = "<group>";
		};
		DFE30AFC2862346D006D6167 /* sb */ = {
			isa = PBXGroup;
			children = (
				DFE30B0B2862346F006D6167 /* Info.plist */,
				DFE30B30286239ED006D6167 /* Modules */,
				DFE30B2F2862356C006D6167 /* Common */,
				DFE30B012862346D006D6167 /* ViewController.swift */,
			);
			path = sb;
			sourceTree = "<group>";
		};
		DFE30B132862346F006D6167 /* sbTests */ = {
			isa = PBXGroup;
			children = (
				DFE30B142862346F006D6167 /* sbTests.swift */,
			);
			path = sbTests;
			sourceTree = "<group>";
		};
		DFE30B1D2862346F006D6167 /* sbUITests */ = {
			isa = PBXGroup;
			children = (
				DFE30B1E2862346F006D6167 /* sbUITests.swift */,
				DFE30B202862346F006D6167 /* sbUITestsLaunchTests.swift */,
			);
			path = sbUITests;
			sourceTree = "<group>";
		};
		DFE30B2D286234D6006D6167 /* Application */ = {
			isa = PBXGroup;
			children = (
				DFE30B082862346F006D6167 /* LaunchScreen.storyboard */,
				DFE30AFD2862346D006D6167 /* AppDelegate.swift */,
				DFE30AFF2862346D006D6167 /* SceneDelegate.swift */,
			);
			path = Application;
			sourceTree = "<group>";
		};
		DFE30B2E286234F9006D6167 /* Resources */ = {
			isa = PBXGroup;
			children = (
				DFE30B062862346F006D6167 /* Assets.xcassets */,
			);
			path = Resources;
			sourceTree = "<group>";
		};
		DFE30B2F2862356C006D6167 /* Common */ = {
			isa = PBXGroup;
			children = (
				DF78674B2864B928001C1027 /* Utils */,
				DF7867412864B290001C1027 /* Networking */,
				DFE30B3C2862432E006D6167 /* Extensions */,
				DFE30B2E286234F9006D6167 /* Resources */,
				DFE30B2D286234D6006D6167 /* Application */,
			);
			path = Common;
			sourceTree = "<group>";
		};
		DFE30B30286239ED006D6167 /* Modules */ = {
			isa = PBXGroup;
			children = (
				DFE30B3128623A05006D6167 /* TradingPairs */,
			);
			path = Modules;
			sourceTree = "<group>";
		};
		DFE30B3128623A05006D6167 /* TradingPairs */ = {
			isa = PBXGroup;
			children = (
				DF7867382864B1FD001C1027 /* Models */,
				DF3A106028627E740044E0CF /* Services */,
				DFE30B392862429C006D6167 /* ViewModels */,
				DFE30B3228623A0A006D6167 /* Views */,
			);
			path = TradingPairs;
			sourceTree = "<group>";
		};
		DFE30B3228623A0A006D6167 /* Views */ = {
			isa = PBXGroup;
			children = (
				DFE30B3328623A1D006D6167 /* TradingPairsViewController.swift */,
				DFE30B3528623A38006D6167 /* TradingPairsView.swift */,
				DFE30B3728623EE3006D6167 /* TradingPairCell.swift */,
				DF3A106328627EB80044E0CF /* TradingPairsViewLayout.swift */,
			);
			path = Views;
			sourceTree = "<group>";
		};
		DFE30B392862429C006D6167 /* ViewModels */ = {
			isa = PBXGroup;
			children = (
				DFE30B3A286242A6006D6167 /* TradingPairItemModel.swift */,
				DFE30B3F2862468D006D6167 /* TradingPairsViewModel.swift */,
			);
			path = ViewModels;
			sourceTree = "<group>";
		};
		DFE30B3C2862432E006D6167 /* Extensions */ = {
			isa = PBXGroup;
			children = (
				DF7867472864B416001C1027 /* URL.swift */,
				DFE30B3D28624339006D6167 /* UICollectionViewCell.swift */,
				DF3A106C2863070E0044E0CF /* Collection.swift */,
				DF7867492864B444001C1027 /* Publisher.swift */,
			);
			path = Extensions;
			sourceTree = "<group>";
		};
/* End PBXGroup section */

/* Begin PBXNativeTarget section */
		DFE30AF92862346D006D6167 /* sb */ = {
			isa = PBXNativeTarget;
			buildConfigurationList = DFE30B242862346F006D6167 /* Build configuration list for PBXNativeTarget "sb" */;
			buildPhases = (
				DFE30AF62862346D006D6167 /* Sources */,
				DFE30AF72862346D006D6167 /* Frameworks */,
				DFE30AF82862346D006D6167 /* Resources */,
			);
			buildRules = (
			);
			dependencies = (
			);
			name = sb;
			productName = sb;
			productReference = DFE30AFA2862346D006D6167 /* sb.app */;
			productType = "com.apple.product-type.application";
		};
		DFE30B0F2862346F006D6167 /* sbTests */ = {
			isa = PBXNativeTarget;
			buildConfigurationList = DFE30B272862346F006D6167 /* Build configuration list for PBXNativeTarget "sbTests" */;
			buildPhases = (
				DFE30B0C2862346F006D6167 /* Sources */,
				DFE30B0D2862346F006D6167 /* Frameworks */,
				DFE30B0E2862346F006D6167 /* Resources */,
			);
			buildRules = (
			);
			dependencies = (
				DFE30B122862346F006D6167 /* PBXTargetDependency */,
			);
			name = sbTests;
			productName = sbTests;
			productReference = DFE30B102862346F006D6167 /* sbTests.xctest */;
			productType = "com.apple.product-type.bundle.unit-test";
		};
		DFE30B192862346F006D6167 /* sbUITests */ = {
			isa = PBXNativeTarget;
			buildConfigurationList = DFE30B2A2862346F006D6167 /* Build configuration list for PBXNativeTarget "sbUITests" */;
			buildPhases = (
				DFE30B162862346F006D6167 /* Sources */,
				DFE30B172862346F006D6167 /* Frameworks */,
				DFE30B182862346F006D6167 /* Resources */,
			);
			buildRules = (
			);
			dependencies = (
				DFE30B1C2862346F006D6167 /* PBXTargetDependency */,
			);
			name = sbUITests;
			productName = sbUITests;
			productReference = DFE30B1A2862346F006D6167 /* sbUITests.xctest */;
			productType = "com.apple.product-type.bundle.ui-testing";
		};
/* End PBXNativeTarget section */

/* Begin PBXProject section */
		DFE30AF22862346D006D6167 /* Project object */ = {
			isa = PBXProject;
			attributes = {
				BuildIndependentTargetsInParallel = 1;
				LastSwiftUpdateCheck = 1340;
				LastUpgradeCheck = 1340;
				TargetAttributes = {
					DFE30AF92862346D006D6167 = {
						CreatedOnToolsVersion = 13.4.1;
					};
					DFE30B0F2862346F006D6167 = {
						CreatedOnToolsVersion = 13.4.1;
						TestTargetID = DFE30AF92862346D006D6167;
					};
					DFE30B192862346F006D6167 = {
						CreatedOnToolsVersion = 13.4.1;
						TestTargetID = DFE30AF92862346D006D6167;
					};
				};
			};
			buildConfigurationList = DFE30AF52862346D006D6167 /* Build configuration list for PBXProject "sb" */;
			compatibilityVersion = "Xcode 13.0";
			developmentRegion = en;
			hasScannedForEncodings = 0;
			knownRegions = (
				en,
				Base,
			);
			mainGroup = DFE30AF12862346D006D6167;
			productRefGroup = DFE30AFB2862346D006D6167 /* Products */;
			projectDirPath = "";
			projectRoot = "";
			targets = (
				DFE30AF92862346D006D6167 /* sb */,
				DFE30B0F2862346F006D6167 /* sbTests */,
				DFE30B192862346F006D6167 /* sbUITests */,
			);
		};
/* End PBXProject section */

/* Begin PBXResourcesBuildPhase section */
		DFE30AF82862346D006D6167 /* Resources */ = {
			isa = PBXResourcesBuildPhase;
			buildActionMask = 2147483647;
			files = (
				DFE30B0A2862346F006D6167 /* LaunchScreen.storyboard in Resources */,
				DFE30B072862346F006D6167 /* Assets.xcassets in Resources */,
			);
			runOnlyForDeploymentPostprocessing = 0;
		};
		DFE30B0E2862346F006D6167 /* Resources */ = {
			isa = PBXResourcesBuildPhase;
			buildActionMask = 2147483647;
			files = (
			);
			runOnlyForDeploymentPostprocessing = 0;
		};
		DFE30B182862346F006D6167 /* Resources */ = {
			isa = PBXResourcesBuildPhase;
			buildActionMask = 2147483647;
			files = (
			);
			runOnlyForDeploymentPostprocessing = 0;
		};
/* End PBXResourcesBuildPhase section */

/* Begin PBXSourcesBuildPhase section */
		DFE30AF62862346D006D6167 /* Sources */ = {
			isa = PBXSourcesBuildPhase;
			buildActionMask = 2147483647;
			files = (
				DF78674A2864B444001C1027 /* Publisher.swift in Sources */,
				DFE30B402862468D006D6167 /* TradingPairsViewModel.swift in Sources */,
				DF3A106B2862FBCF0044E0CF /* NetworkClientImpl.swift in Sources */,
				DF3A10672862FB010044E0CF /* TradingPairsDataStore.swift in Sources */,
				DFE30B3B286242A6006D6167 /* TradingPairItemModel.swift in Sources */,
				DF78674D2864B93F001C1027 /* CommonError.swift in Sources */,
				DFE30B3428623A1D006D6167 /* TradingPairsViewController.swift in Sources */,
				DF7867512864B9B2001C1027 /* TradingPairsMapperImpl.swift in Sources */,
				DFE30B022862346D006D6167 /* ViewController.swift in Sources */,
				DF3A106D2863070E0044E0CF /* Collection.swift in Sources */,
				DFE30AFE2862346D006D6167 /* AppDelegate.swift in Sources */,
				DF7867552864C036001C1027 /* TradingPairsRefreshControllerImpl.swift in Sources */,
				DF7867402864B252001C1027 /* DefaultEnvironment.swift in Sources */,
				DF78673A2864B20A001C1027 /* TradingPairResponse.swift in Sources */,
				DF7867482864B416001C1027 /* URL.swift in Sources */,
				DF78673E2864B245001C1027 /* Environment.swift in Sources */,
				DFE30B3828623EE3006D6167 /* TradingPairCell.swift in Sources */,
				DFE30B3628623A38006D6167 /* TradingPairsView.swift in Sources */,
				DF7867532864C00F001C1027 /* TradingPairsRefreshController.swift in Sources */,
				DF78674F2864B9A2001C1027 /* TradingPairsMapper.swift in Sources */,
				DF3A10692862FB220044E0CF /* NetworkClient.swift in Sources */,
				DF78673C2864B21D001C1027 /* ArrayResponseDecodable.swift in Sources */,
				DFE30B3E28624339006D6167 /* UICollectionViewCell.swift in Sources */,
				DFE30B002862346D006D6167 /* SceneDelegate.swift in Sources */,
				DF78673528645D47001C1027 /* TradingPairsService.swift in Sources */,
				DF3A106428627EB80044E0CF /* TradingPairsViewLayout.swift in Sources */,
				DF78673728645D85001C1027 /* TradingPairsServiceImpl.swift in Sources */,
				DF7867462864B2FD001C1027 /* Endpoint.swift in Sources */,
				DF3A106228627E7C0044E0CF /* TradingPairsDataStoreImpl.swift in Sources */,
			);
			runOnlyForDeploymentPostprocessing = 0;
		};
		DFE30B0C2862346F006D6167 /* Sources */ = {
			isa = PBXSourcesBuildPhase;
			buildActionMask = 2147483647;
			files = (
				DFE30B152862346F006D6167 /* sbTests.swift in Sources */,
			);
			runOnlyForDeploymentPostprocessing = 0;
		};
		DFE30B162862346F006D6167 /* Sources */ = {
			isa = PBXSourcesBuildPhase;
			buildActionMask = 2147483647;
			files = (
				DFE30B1F2862346F006D6167 /* sbUITests.swift in Sources */,
				DFE30B212862346F006D6167 /* sbUITestsLaunchTests.swift in Sources */,
			);
			runOnlyForDeploymentPostprocessing = 0;
		};
/* End PBXSourcesBuildPhase section */

/* Begin PBXTargetDependency section */
		DFE30B122862346F006D6167 /* PBXTargetDependency */ = {
			isa = PBXTargetDependency;
			target = DFE30AF92862346D006D6167 /* sb */;
			targetProxy = DFE30B112862346F006D6167 /* PBXContainerItemProxy */;
		};
		DFE30B1C2862346F006D6167 /* PBXTargetDependency */ = {
			isa = PBXTargetDependency;
			target = DFE30AF92862346D006D6167 /* sb */;
			targetProxy = DFE30B1B2862346F006D6167 /* PBXContainerItemProxy */;
		};
/* End PBXTargetDependency section */

/* Begin PBXVariantGroup section */
		DFE30B082862346F006D6167 /* LaunchScreen.storyboard */ = {
			isa = PBXVariantGroup;
			children = (
				DFE30B092862346F006D6167 /* Base */,
			);
			name = LaunchScreen.storyboard;
			sourceTree = "<group>";
		};
/* End PBXVariantGroup section */

/* Begin XCBuildConfiguration section */
		DFE30B222862346F006D6167 /* Debug */ = {
			isa = XCBuildConfiguration;
			buildSettings = {
				ALWAYS_SEARCH_USER_PATHS = NO;
				CLANG_ANALYZER_NONNULL = YES;
				CLANG_ANALYZER_NUMBER_OBJECT_CONVERSION = YES_AGGRESSIVE;
				CLANG_CXX_LANGUAGE_STANDARD = "gnu++17";
				CLANG_ENABLE_MODULES = YES;
				CLANG_ENABLE_OBJC_ARC = YES;
				CLANG_ENABLE_OBJC_WEAK = YES;
				CLANG_WARN_BLOCK_CAPTURE_AUTORELEASING = YES;
				CLANG_WARN_BOOL_CONVERSION = YES;
				CLANG_WARN_COMMA = YES;
				CLANG_WARN_CONSTANT_CONVERSION = YES;
				CLANG_WARN_DEPRECATED_OBJC_IMPLEMENTATIONS = YES;
				CLANG_WARN_DIRECT_OBJC_ISA_USAGE = YES_ERROR;
				CLANG_WARN_DOCUMENTATION_COMMENTS = YES;
				CLANG_WARN_EMPTY_BODY = YES;
				CLANG_WARN_ENUM_CONVERSION = YES;
				CLANG_WARN_INFINITE_RECURSION = YES;
				CLANG_WARN_INT_CONVERSION = YES;
				CLANG_WARN_NON_LITERAL_NULL_CONVERSION = YES;
				CLANG_WARN_OBJC_IMPLICIT_RETAIN_SELF = YES;
				CLANG_WARN_OBJC_LITERAL_CONVERSION = YES;
				CLANG_WARN_OBJC_ROOT_CLASS = YES_ERROR;
				CLANG_WARN_QUOTED_INCLUDE_IN_FRAMEWORK_HEADER = YES;
				CLANG_WARN_RANGE_LOOP_ANALYSIS = YES;
				CLANG_WARN_STRICT_PROTOTYPES = YES;
				CLANG_WARN_SUSPICIOUS_MOVE = YES;
				CLANG_WARN_UNGUARDED_AVAILABILITY = YES_AGGRESSIVE;
				CLANG_WARN_UNREACHABLE_CODE = YES;
				CLANG_WARN__DUPLICATE_METHOD_MATCH = YES;
				COPY_PHASE_STRIP = NO;
				DEBUG_INFORMATION_FORMAT = dwarf;
				ENABLE_STRICT_OBJC_MSGSEND = YES;
				ENABLE_TESTABILITY = YES;
				GCC_C_LANGUAGE_STANDARD = gnu11;
				GCC_DYNAMIC_NO_PIC = NO;
				GCC_NO_COMMON_BLOCKS = YES;
				GCC_OPTIMIZATION_LEVEL = 0;
				GCC_PREPROCESSOR_DEFINITIONS = (
					"DEBUG=1",
					"$(inherited)",
				);
				GCC_WARN_64_TO_32_BIT_CONVERSION = YES;
				GCC_WARN_ABOUT_RETURN_TYPE = YES_ERROR;
				GCC_WARN_UNDECLARED_SELECTOR = YES;
				GCC_WARN_UNINITIALIZED_AUTOS = YES_AGGRESSIVE;
				GCC_WARN_UNUSED_FUNCTION = YES;
				GCC_WARN_UNUSED_VARIABLE = YES;
				IPHONEOS_DEPLOYMENT_TARGET = 15.5;
				MTL_ENABLE_DEBUG_INFO = INCLUDE_SOURCE;
				MTL_FAST_MATH = YES;
				ONLY_ACTIVE_ARCH = YES;
				SDKROOT = iphoneos;
				SWIFT_ACTIVE_COMPILATION_CONDITIONS = DEBUG;
				SWIFT_OPTIMIZATION_LEVEL = "-Onone";
			};
			name = Debug;
		};
		DFE30B232862346F006D6167 /* Release */ = {
			isa = XCBuildConfiguration;
			buildSettings = {
				ALWAYS_SEARCH_USER_PATHS = NO;
				CLANG_ANALYZER_NONNULL = YES;
				CLANG_ANALYZER_NUMBER_OBJECT_CONVERSION = YES_AGGRESSIVE;
				CLANG_CXX_LANGUAGE_STANDARD = "gnu++17";
				CLANG_ENABLE_MODULES = YES;
				CLANG_ENABLE_OBJC_ARC = YES;
				CLANG_ENABLE_OBJC_WEAK = YES;
				CLANG_WARN_BLOCK_CAPTURE_AUTORELEASING = YES;
				CLANG_WARN_BOOL_CONVERSION = YES;
				CLANG_WARN_COMMA = YES;
				CLANG_WARN_CONSTANT_CONVERSION = YES;
				CLANG_WARN_DEPRECATED_OBJC_IMPLEMENTATIONS = YES;
				CLANG_WARN_DIRECT_OBJC_ISA_USAGE = YES_ERROR;
				CLANG_WARN_DOCUMENTATION_COMMENTS = YES;
				CLANG_WARN_EMPTY_BODY = YES;
				CLANG_WARN_ENUM_CONVERSION = YES;
				CLANG_WARN_INFINITE_RECURSION = YES;
				CLANG_WARN_INT_CONVERSION = YES;
				CLANG_WARN_NON_LITERAL_NULL_CONVERSION = YES;
				CLANG_WARN_OBJC_IMPLICIT_RETAIN_SELF = YES;
				CLANG_WARN_OBJC_LITERAL_CONVERSION = YES;
				CLANG_WARN_OBJC_ROOT_CLASS = YES_ERROR;
				CLANG_WARN_QUOTED_INCLUDE_IN_FRAMEWORK_HEADER = YES;
				CLANG_WARN_RANGE_LOOP_ANALYSIS = YES;
				CLANG_WARN_STRICT_PROTOTYPES = YES;
				CLANG_WARN_SUSPICIOUS_MOVE = YES;
				CLANG_WARN_UNGUARDED_AVAILABILITY = YES_AGGRESSIVE;
				CLANG_WARN_UNREACHABLE_CODE = YES;
				CLANG_WARN__DUPLICATE_METHOD_MATCH = YES;
				COPY_PHASE_STRIP = NO;
				DEBUG_INFORMATION_FORMAT = "dwarf-with-dsym";
				ENABLE_NS_ASSERTIONS = NO;
				ENABLE_STRICT_OBJC_MSGSEND = YES;
				GCC_C_LANGUAGE_STANDARD = gnu11;
				GCC_NO_COMMON_BLOCKS = YES;
				GCC_WARN_64_TO_32_BIT_CONVERSION = YES;
				GCC_WARN_ABOUT_RETURN_TYPE = YES_ERROR;
				GCC_WARN_UNDECLARED_SELECTOR = YES;
				GCC_WARN_UNINITIALIZED_AUTOS = YES_AGGRESSIVE;
				GCC_WARN_UNUSED_FUNCTION = YES;
				GCC_WARN_UNUSED_VARIABLE = YES;
				IPHONEOS_DEPLOYMENT_TARGET = 15.5;
				MTL_ENABLE_DEBUG_INFO = NO;
				MTL_FAST_MATH = YES;
				SDKROOT = iphoneos;
				SWIFT_COMPILATION_MODE = wholemodule;
				SWIFT_OPTIMIZATION_LEVEL = "-O";
				VALIDATE_PRODUCT = YES;
			};
			name = Release;
		};
		DFE30B252862346F006D6167 /* Debug */ = {
			isa = XCBuildConfiguration;
			buildSettings = {
				ASSETCATALOG_COMPILER_APPICON_NAME = AppIcon;
				ASSETCATALOG_COMPILER_GLOBAL_ACCENT_COLOR_NAME = AccentColor;
				CODE_SIGN_STYLE = Automatic;
				CURRENT_PROJECT_VERSION = 1;
				DEVELOPMENT_TEAM = KYSJ4C32QR;
				GENERATE_INFOPLIST_FILE = YES;
				INFOPLIST_FILE = sb/Info.plist;
				INFOPLIST_KEY_UIApplicationSupportsIndirectInputEvents = YES;
				INFOPLIST_KEY_UILaunchStoryboardName = LaunchScreen;
				INFOPLIST_KEY_UISupportedInterfaceOrientations_iPad = "UIInterfaceOrientationPortrait UIInterfaceOrientationPortraitUpsideDown UIInterfaceOrientationLandscapeLeft UIInterfaceOrientationLandscapeRight";
				INFOPLIST_KEY_UISupportedInterfaceOrientations_iPhone = "UIInterfaceOrientationPortrait UIInterfaceOrientationLandscapeLeft UIInterfaceOrientationLandscapeRight";
				LD_RUNPATH_SEARCH_PATHS = (
					"$(inherited)",
					"@executable_path/Frameworks",
				);
				MARKETING_VERSION = 1.0;
				PRODUCT_BUNDLE_IDENTIFIER = worktasks.sb;
				PRODUCT_NAME = "$(TARGET_NAME)";
				SWIFT_EMIT_LOC_STRINGS = YES;
				SWIFT_VERSION = 5.0;
				TARGETED_DEVICE_FAMILY = "1,2";
			};
			name = Debug;
		};
		DFE30B262862346F006D6167 /* Release */ = {
			isa = XCBuildConfiguration;
			buildSettings = {
				ASSETCATALOG_COMPILER_APPICON_NAME = AppIcon;
				ASSETCATALOG_COMPILER_GLOBAL_ACCENT_COLOR_NAME = AccentColor;
				CODE_SIGN_STYLE = Automatic;
				CURRENT_PROJECT_VERSION = 1;
				DEVELOPMENT_TEAM = KYSJ4C32QR;
				GENERATE_INFOPLIST_FILE = YES;
				INFOPLIST_FILE = sb/Info.plist;
				INFOPLIST_KEY_UIApplicationSupportsIndirectInputEvents = YES;
				INFOPLIST_KEY_UILaunchStoryboardName = LaunchScreen;
				INFOPLIST_KEY_UISupportedInterfaceOrientations_iPad = "UIInterfaceOrientationPortrait UIInterfaceOrientationPortraitUpsideDown UIInterfaceOrientationLandscapeLeft UIInterfaceOrientationLandscapeRight";
				INFOPLIST_KEY_UISupportedInterfaceOrientations_iPhone = "UIInterfaceOrientationPortrait UIInterfaceOrientationLandscapeLeft UIInterfaceOrientationLandscapeRight";
				LD_RUNPATH_SEARCH_PATHS = (
					"$(inherited)",
					"@executable_path/Frameworks",
				);
				MARKETING_VERSION = 1.0;
				PRODUCT_BUNDLE_IDENTIFIER = worktasks.sb;
				PRODUCT_NAME = "$(TARGET_NAME)";
				SWIFT_EMIT_LOC_STRINGS = YES;
				SWIFT_VERSION = 5.0;
				TARGETED_DEVICE_FAMILY = "1,2";
			};
			name = Release;
		};
		DFE30B282862346F006D6167 /* Debug */ = {
			isa = XCBuildConfiguration;
			buildSettings = {
				ALWAYS_EMBED_SWIFT_STANDARD_LIBRARIES = YES;
				BUNDLE_LOADER = "$(TEST_HOST)";
				CODE_SIGN_STYLE = Automatic;
				CURRENT_PROJECT_VERSION = 1;
				DEVELOPMENT_TEAM = KYSJ4C32QR;
				GENERATE_INFOPLIST_FILE = YES;
				IPHONEOS_DEPLOYMENT_TARGET = 15.5;
				MARKETING_VERSION = 1.0;
				PRODUCT_BUNDLE_IDENTIFIER = worktasks.sbTests;
				PRODUCT_NAME = "$(TARGET_NAME)";
				SWIFT_EMIT_LOC_STRINGS = NO;
				SWIFT_VERSION = 5.0;
				TARGETED_DEVICE_FAMILY = "1,2";
				TEST_HOST = "$(BUILT_PRODUCTS_DIR)/sb.app/sb";
			};
			name = Debug;
		};
		DFE30B292862346F006D6167 /* Release */ = {
			isa = XCBuildConfiguration;
			buildSettings = {
				ALWAYS_EMBED_SWIFT_STANDARD_LIBRARIES = YES;
				BUNDLE_LOADER = "$(TEST_HOST)";
				CODE_SIGN_STYLE = Automatic;
				CURRENT_PROJECT_VERSION = 1;
				DEVELOPMENT_TEAM = KYSJ4C32QR;
				GENERATE_INFOPLIST_FILE = YES;
				IPHONEOS_DEPLOYMENT_TARGET = 15.5;
				MARKETING_VERSION = 1.0;
				PRODUCT_BUNDLE_IDENTIFIER = worktasks.sbTests;
				PRODUCT_NAME = "$(TARGET_NAME)";
				SWIFT_EMIT_LOC_STRINGS = NO;
				SWIFT_VERSION = 5.0;
				TARGETED_DEVICE_FAMILY = "1,2";
				TEST_HOST = "$(BUILT_PRODUCTS_DIR)/sb.app/sb";
			};
			name = Release;
		};
		DFE30B2B2862346F006D6167 /* Debug */ = {
			isa = XCBuildConfiguration;
			buildSettings = {
				ALWAYS_EMBED_SWIFT_STANDARD_LIBRARIES = YES;
				CODE_SIGN_STYLE = Automatic;
				CURRENT_PROJECT_VERSION = 1;
				DEVELOPMENT_TEAM = KYSJ4C32QR;
				GENERATE_INFOPLIST_FILE = YES;
				MARKETING_VERSION = 1.0;
				PRODUCT_BUNDLE_IDENTIFIER = worktasks.sbUITests;
				PRODUCT_NAME = "$(TARGET_NAME)";
				SWIFT_EMIT_LOC_STRINGS = NO;
				SWIFT_VERSION = 5.0;
				TARGETED_DEVICE_FAMILY = "1,2";
				TEST_TARGET_NAME = sb;
			};
			name = Debug;
		};
		DFE30B2C2862346F006D6167 /* Release */ = {
			isa = XCBuildConfiguration;
			buildSettings = {
				ALWAYS_EMBED_SWIFT_STANDARD_LIBRARIES = YES;
				CODE_SIGN_STYLE = Automatic;
				CURRENT_PROJECT_VERSION = 1;
				DEVELOPMENT_TEAM = KYSJ4C32QR;
				GENERATE_INFOPLIST_FILE = YES;
				MARKETING_VERSION = 1.0;
				PRODUCT_BUNDLE_IDENTIFIER = worktasks.sbUITests;
				PRODUCT_NAME = "$(TARGET_NAME)";
				SWIFT_EMIT_LOC_STRINGS = NO;
				SWIFT_VERSION = 5.0;
				TARGETED_DEVICE_FAMILY = "1,2";
				TEST_TARGET_NAME = sb;
			};
			name = Release;
		};
/* End XCBuildConfiguration section */

/* Begin XCConfigurationList section */
		DFE30AF52862346D006D6167 /* Build configuration list for PBXProject "sb" */ = {
			isa = XCConfigurationList;
			buildConfigurations = (
				DFE30B222862346F006D6167 /* Debug */,
				DFE30B232862346F006D6167 /* Release */,
			);
			defaultConfigurationIsVisible = 0;
			defaultConfigurationName = Release;
		};
		DFE30B242862346F006D6167 /* Build configuration list for PBXNativeTarget "sb" */ = {
			isa = XCConfigurationList;
			buildConfigurations = (
				DFE30B252862346F006D6167 /* Debug */,
				DFE30B262862346F006D6167 /* Release */,
			);
			defaultConfigurationIsVisible = 0;
			defaultConfigurationName = Release;
		};
		DFE30B272862346F006D6167 /* Build configuration list for PBXNativeTarget "sbTests" */ = {
			isa = XCConfigurationList;
			buildConfigurations = (
				DFE30B282862346F006D6167 /* Debug */,
				DFE30B292862346F006D6167 /* Release */,
			);
			defaultConfigurationIsVisible = 0;
			defaultConfigurationName = Release;
		};
		DFE30B2A2862346F006D6167 /* Build configuration list for PBXNativeTarget "sbUITests" */ = {
			isa = XCConfigurationList;
			buildConfigurations = (
				DFE30B2B2862346F006D6167 /* Debug */,
				DFE30B2C2862346F006D6167 /* Release */,
			);
			defaultConfigurationIsVisible = 0;
			defaultConfigurationName = Release;
		};
/* End XCConfigurationList section */
	};
	rootObject = DFE30AF22862346D006D6167 /* Project object */;
}
